
Microsoft Visual Studio Solution File, Format Version 12.00
# Visual Studio Version 17
VisualStudioVersion = 17.14.36414.22
MinimumVisualStudioVersion = 10.0.40219.1
Project("{2150E333-8FDC-42A3-9474-1A3956D46DE8}") = "Services", "Services", "{02EA681E-C7D8-13C7-8484-4AC65E1B71E8}"
EndProject
Project("{2150E333-8FDC-42A3-9474-1A3956D46DE8}") = "Catalog", "Catalog", "{2BF3D4FA-50ED-49D7-8D1D-92B8FDCE1CDC}"
EndProject
Project("{FAE04EC0-301F-11D3-BF4B-00C04F79EFBC}") = "Catalog.API", "Services\Catalog\Catalog.API\Catalog.API.csproj", "{46102B5E-026D-4D03-97B5-54FE8A38E406}"
EndProject
Project("{2150E333-8FDC-42A3-9474-1A3956D46DE8}") = "BuildingBlocks", "BuildingBlocks", "{5B702FCC-F222-435D-BF72-8E1469C3E1BD}"
EndProject
Project("{FAE04EC0-301F-11D3-BF4B-00C04F79EFBC}") = "BuildingBlocks", "BuildingBlocks\BuildingBlocks\BuildingBlocks.csproj", "{32AC2D8E-EFA5-4B3D-80CF-073314434206}"
EndProject
Project("{E53339B2-1760-4266-BCC7-CA923CBCF16C}") = "docker-compose", "docker-compose.dcproj", "{81DDED9D-158B-E303-5F62-77A2896D2A5A}"
EndProject
Project("{2150E333-8FDC-42A3-9474-1A3956D46DE8}") = "Basket", "Basket", "{6B79A296-CF20-4B2A-9762-D98FC0D4A115}"
EndProject
Project("{FAE04EC0-301F-11D3-BF4B-00C04F79EFBC}") = "Basket.API", "Services\Basket\Basket.API\Basket.API.csproj", "{ECF98CD9-472B-4755-8ABC-720CE30711B9}"
EndProject
Project("{2150E333-8FDC-42A3-9474-1A3956D46DE8}") = "Discount", "Discount", "{2D0D49C2-8977-4084-9A92-448771FF509F}"
EndProject
Project("{FAE04EC0-301F-11D3-BF4B-00C04F79EFBC}") = "Discount.Grpc", "Services\Discount\Discount.Grpc\Discount.Grpc.csproj", "{206138A3-BF6E-463A-BFFA-34696F1B17B7}"
EndProject
Project("{2150E333-8FDC-42A3-9474-1A3956D46DE8}") = "Ordering", "Ordering", "{CC747F32-B6E4-45A1-846C-859951EC7A5D}"
EndProject
Project("{FAE04EC0-301F-11D3-BF4B-00C04F79EFBC}") = "Ordering.API", "Services\Ordering\Ordering.API\Ordering.API.csproj", "{07422B76-A476-4EB0-A7E1-DF8FF3240499}"
EndProject
Project("{FAE04EC0-301F-11D3-BF4B-00C04F79EFBC}") = "Ordering.Application", "Services\Ordering\Ordering.Application\Ordering.Application.csproj", "{D12C5183-82C6-441B-B46D-A4844AF67648}"
EndProject
Project("{FAE04EC0-301F-11D3-BF4B-00C04F79EFBC}") = "Ordering.Domain", "Services\Ordering\Ordering.Domain\Ordering.Domain.csproj", "{38F06D2B-8D84-4662-B2FA-0A431C51F0D0}"
EndProject
Project("{FAE04EC0-301F-11D3-BF4B-00C04F79EFBC}") = "Ordering.Infrastructure", "Services\Ordering\Ordering.Infrastructure\Ordering.Infrastructure.csproj", "{EA33F74F-823C-4F96-BE82-C7A052B8F498}"
EndProject
Project("{FAE04EC0-301F-11D3-BF4B-00C04F79EFBC}") = "BuildingBlocks.Messaging", "BuildingBlocks\BuildingBlocks.Messaging\BuildingBlocks.Messaging.csproj", "{F0FF6A66-6658-47E7-9E54-CC52F1A54DCE}"
EndProject
Project("{2150E333-8FDC-42A3-9474-1A3956D46DE8}") = "ApiGateways", "ApiGateways", "{37B8A5E8-AE11-4230-B9D4-367107DCBE8B}"
EndProject
Project("{FAE04EC0-301F-11D3-BF4B-00C04F79EFBC}") = "YarpApiGateway", "ApiGateways\YarpApiGateway\YarpApiGateway.csproj", "{78AB46EF-DE38-4B2E-9C68-008AFECDC1ED}"
EndProject
Global
	GlobalSection(SolutionConfigurationPlatforms) = preSolution
		Debug|Any CPU = Debug|Any CPU
		Release|Any CPU = Release|Any CPU
	EndGlobalSection
	GlobalSection(ProjectConfigurationPlatforms) = postSolution
		{46102B5E-026D-4D03-97B5-54FE8A38E406}.Debug|Any CPU.ActiveCfg = Debug|Any CPU
		{46102B5E-026D-4D03-97B5-54FE8A38E406}.Debug|Any CPU.Build.0 = Debug|Any CPU
		{46102B5E-026D-4D03-97B5-54FE8A38E406}.Release|Any CPU.ActiveCfg = Release|Any CPU
		{46102B5E-026D-4D03-97B5-54FE8A38E406}.Release|Any CPU.Build.0 = Release|Any CPU
		{32AC2D8E-EFA5-4B3D-80CF-073314434206}.Debug|Any CPU.ActiveCfg = Debug|Any CPU
		{32AC2D8E-EFA5-4B3D-80CF-073314434206}.Debug|Any CPU.Build.0 = Debug|Any CPU
		{32AC2D8E-EFA5-4B3D-80CF-073314434206}.Release|Any CPU.ActiveCfg = Release|Any CPU
		{32AC2D8E-EFA5-4B3D-80CF-073314434206}.Release|Any CPU.Build.0 = Release|Any CPU
		{81DDED9D-158B-E303-5F62-77A2896D2A5A}.Debug|Any CPU.ActiveCfg = Debug|Any CPU
		{81DDED9D-158B-E303-5F62-77A2896D2A5A}.Debug|Any CPU.Build.0 = Debug|Any CPU
		{81DDED9D-158B-E303-5F62-77A2896D2A5A}.Release|Any CPU.ActiveCfg = Release|Any CPU
		{81DDED9D-158B-E303-5F62-77A2896D2A5A}.Release|Any CPU.Build.0 = Release|Any CPU
		{ECF98CD9-472B-4755-8ABC-720CE30711B9}.Debug|Any CPU.ActiveCfg = Debug|Any CPU
		{ECF98CD9-472B-4755-8ABC-720CE30711B9}.Debug|Any CPU.Build.0 = Debug|Any CPU
		{ECF98CD9-472B-4755-8ABC-720CE30711B9}.Release|Any CPU.ActiveCfg = Release|Any CPU
		{ECF98CD9-472B-4755-8ABC-720CE30711B9}.Release|Any CPU.Build.0 = Release|Any CPU
		{206138A3-BF6E-463A-BFFA-34696F1B17B7}.Debug|Any CPU.ActiveCfg = Debug|Any CPU
		{206138A3-BF6E-463A-BFFA-34696F1B17B7}.Debug|Any CPU.Build.0 = Debug|Any CPU
		{206138A3-BF6E-463A-BFFA-34696F1B17B7}.Release|Any CPU.ActiveCfg = Release|Any CPU
		{206138A3-BF6E-463A-BFFA-34696F1B17B7}.Release|Any CPU.Build.0 = Release|Any CPU
		{07422B76-A476-4EB0-A7E1-DF8FF3240499}.Debug|Any CPU.ActiveCfg = Debug|Any CPU
		{07422B76-A476-4EB0-A7E1-DF8FF3240499}.Debug|Any CPU.Build.0 = Debug|Any CPU
		{07422B76-A476-4EB0-A7E1-DF8FF3240499}.Release|Any CPU.ActiveCfg = Release|Any CPU
		{07422B76-A476-4EB0-A7E1-DF8FF3240499}.Release|Any CPU.Build.0 = Release|Any CPU
		{D12C5183-82C6-441B-B46D-A4844AF67648}.Debug|Any CPU.ActiveCfg = Debug|Any CPU
		{D12C5183-82C6-441B-B46D-A4844AF67648}.Debug|Any CPU.Build.0 = Debug|Any CPU
		{D12C5183-82C6-441B-B46D-A4844AF67648}.Release|Any CPU.ActiveCfg = Release|Any CPU
		{D12C5183-82C6-441B-B46D-A4844AF67648}.Release|Any CPU.Build.0 = Release|Any CPU
		{38F06D2B-8D84-4662-B2FA-0A431C51F0D0}.Debug|Any CPU.ActiveCfg = Debug|Any CPU
		{38F06D2B-8D84-4662-B2FA-0A431C51F0D0}.Debug|Any CPU.Build.0 = Debug|Any CPU
		{38F06D2B-8D84-4662-B2FA-0A431C51F0D0}.Release|Any CPU.ActiveCfg = Release|Any CPU
		{38F06D2B-8D84-4662-B2FA-0A431C51F0D0}.Release|Any CPU.Build.0 = Release|Any CPU
		{EA33F74F-823C-4F96-BE82-C7A052B8F498}.Debug|Any CPU.ActiveCfg = Debug|Any CPU
		{EA33F74F-823C-4F96-BE82-C7A052B8F498}.Debug|Any CPU.Build.0 = Debug|Any CPU
		{EA33F74F-823C-4F96-BE82-C7A052B8F498}.Release|Any CPU.ActiveCfg = Release|Any CPU
		{EA33F74F-823C-4F96-BE82-C7A052B8F498}.Release|Any CPU.Build.0 = Release|Any CPU
		{F0FF6A66-6658-47E7-9E54-CC52F1A54DCE}.Debug|Any CPU.ActiveCfg = Debug|Any CPU
		{F0FF6A66-6658-47E7-9E54-CC52F1A54DCE}.Debug|Any CPU.Build.0 = Debug|Any CPU
		{F0FF6A66-6658-47E7-9E54-CC52F1A54DCE}.Release|Any CPU.ActiveCfg = Release|Any CPU
		{F0FF6A66-6658-47E7-9E54-CC52F1A54DCE}.Release|Any CPU.Build.0 = Release|Any CPU
		{78AB46EF-DE38-4B2E-9C68-008AFECDC1ED}.Debug|Any CPU.ActiveCfg = Debug|Any CPU
		{78AB46EF-DE38-4B2E-9C68-008AFECDC1ED}.Debug|Any CPU.Build.0 = Debug|Any CPU
		{78AB46EF-DE38-4B2E-9C68-008AFECDC1ED}.Release|Any CPU.ActiveCfg = Release|Any CPU
		{78AB46EF-DE38-4B2E-9C68-008AFECDC1ED}.Release|Any CPU.Build.0 = Release|Any CPU
	EndGlobalSection
	GlobalSection(SolutionProperties) = preSolution
		HideSolutionNode = FALSE
	EndGlobalSection
	GlobalSection(NestedProjects) = preSolution
		{2BF3D4FA-50ED-49D7-8D1D-92B8FDCE1CDC} = {02EA681E-C7D8-13C7-8484-4AC65E1B71E8}
		{46102B5E-026D-4D03-97B5-54FE8A38E406} = {2BF3D4FA-50ED-49D7-8D1D-92B8FDCE1CDC}
		{32AC2D8E-EFA5-4B3D-80CF-073314434206} = {5B702FCC-F222-435D-BF72-8E1469C3E1BD}
		{6B79A296-CF20-4B2A-9762-D98FC0D4A115} = {02EA681E-C7D8-13C7-8484-4AC65E1B71E8}
		{ECF98CD9-472B-4755-8ABC-720CE30711B9} = {6B79A296-CF20-4B2A-9762-D98FC0D4A115}
		{2D0D49C2-8977-4084-9A92-448771FF509F} = {02EA681E-C7D8-13C7-8484-4AC65E1B71E8}
		{206138A3-BF6E-463A-BFFA-34696F1B17B7} = {2D0D49C2-8977-4084-9A92-448771FF509F}
		{CC747F32-B6E4-45A1-846C-859951EC7A5D} = {02EA681E-C7D8-13C7-8484-4AC65E1B71E8}
		{07422B76-A476-4EB0-A7E1-DF8FF3240499} = {CC747F32-B6E4-45A1-846C-859951EC7A5D}
		{D12C5183-82C6-441B-B46D-A4844AF67648} = {CC747F32-B6E4-45A1-846C-859951EC7A5D}
		{38F06D2B-8D84-4662-B2FA-0A431C51F0D0} = {CC747F32-B6E4-45A1-846C-859951EC7A5D}
		{EA33F74F-823C-4F96-BE82-C7A052B8F498} = {CC747F32-B6E4-45A1-846C-859951EC7A5D}
		{F0FF6A66-6658-47E7-9E54-CC52F1A54DCE} = {5B702FCC-F222-435D-BF72-8E1469C3E1BD}
		{78AB46EF-DE38-4B2E-9C68-008AFECDC1ED} = {37B8A5E8-AE11-4230-B9D4-367107DCBE8B}
	EndGlobalSection
	GlobalSection(ExtensibilityGlobals) = postSolution
		SolutionGuid = {2769CBF3-05B1-475A-894A-EFC616245C4C}
	EndGlobalSection
EndGlobal
