
Microsoft Visual Studio Solution File, Format Version 12.00
# Visual Studio Version 17
VisualStudioVersion = 17.9.34714.143
MinimumVisualStudioVersion = 10.0.40219.1
Project("{2150E333-8FDC-42A3-9474-1A3956D46DE8}") = "Server", "Server", "{28DCE930-66B6-4A3B-8A53-3B772C9944AA}"
EndProject
Project("{9A19103F-16F7-4668-BE54-9A1E7A4F7556}") = "Learn.WebAPI", "ContactSMS.WebAPI\Learn.WebAPI.csproj", "{27015CD5-73B0-4550-A390-1ADC61146EAB}"
EndProject
Global
	GlobalSection(SolutionConfigurationPlatforms) = preSolution
		Debug|Any CPU = Debug|Any CPU
		Release|Any CPU = Release|Any CPU
	EndGlobalSection
	GlobalSection(ProjectConfigurationPlatforms) = postSolution
		{27015CD5-73B0-4550-A390-1ADC61146EAB}.Debug|Any CPU.ActiveCfg = Debug|Any CPU
		{27015CD5-73B0-4550-A390-1ADC61146EAB}.Debug|Any CPU.Build.0 = Debug|Any CPU
		{27015CD5-73B0-4550-A390-1ADC61146EAB}.Release|Any CPU.ActiveCfg = Release|Any CPU
		{27015CD5-73B0-4550-A390-1ADC61146EAB}.Release|Any CPU.Build.0 = Release|Any CPU
	EndGlobalSection
	GlobalSection(SolutionProperties) = preSolution
		HideSolutionNode = FALSE
	EndGlobalSection
	GlobalSection(NestedProjects) = preSolution
		{27015CD5-73B0-4550-A390-1ADC61146EAB} = {28DCE930-66B6-4A3B-8A53-3B772C9944AA}
	EndGlobalSection
	GlobalSection(ExtensibilityGlobals) = postSolution
		SolutionGuid = {5F8FBF8F-3B8B-4E32-9D3A-5B520D4D0473}
	EndGlobalSection
EndGlobal
