
Microsoft Visual Studio Solution File, Format Version 12.00
# Visual Studio Version 17
VisualStudioVersion = 17.13.35825.156
MinimumVisualStudioVersion = 10.0.40219.1
Project("{FAE04EC0-301F-11D3-BF4B-00C04F79EFBC}") = "NeutronUI", "src\NeutronUI\NeutronUI.csproj", "{C325F4D4-521C-4D21-B9FA-8699781FC185}"
EndProject
Project("{2150E333-8FDC-42A3-9474-1A3956D46DE8}") = "src", "src", "{02EA681E-C7D8-13C7-8484-4AC65E1B71E8}"
EndProject
Project("{2150E333-8FDC-42A3-9474-1A3956D46DE8}") = "demo", "demo", "{8BF778C7-E524-41C3-890E-7528A97D4B85}"
EndProject
Project("{FAE04EC0-301F-11D3-BF4B-00C04F79EFBC}") = "NeutronUIAPP", "demo\NeutronUIAPP\NeutronUIAPP.csproj", "{EC35437A-2A82-4977-9B96-EBA0C0C1F07D}"
EndProject
Global
	GlobalSection(SolutionConfigurationPlatforms) = preSolution
		Debug|Any CPU = Debug|Any CPU
		Release|Any CPU = Release|Any CPU
	EndGlobalSection
	GlobalSection(ProjectConfigurationPlatforms) = postSolution
		{C325F4D4-521C-4D21-B9FA-8699781FC185}.Debug|Any CPU.ActiveCfg = Debug|Any CPU
		{C325F4D4-521C-4D21-B9FA-8699781FC185}.Debug|Any CPU.Build.0 = Debug|Any CPU
		{C325F4D4-521C-4D21-B9FA-8699781FC185}.Release|Any CPU.ActiveCfg = Release|Any CPU
		{C325F4D4-521C-4D21-B9FA-8699781FC185}.Release|Any CPU.Build.0 = Release|Any CPU
		{EC35437A-2A82-4977-9B96-EBA0C0C1F07D}.Debug|Any CPU.ActiveCfg = Debug|Any CPU
		{EC35437A-2A82-4977-9B96-EBA0C0C1F07D}.Debug|Any CPU.Build.0 = Debug|Any CPU
		{EC35437A-2A82-4977-9B96-EBA0C0C1F07D}.Debug|Any CPU.Deploy.0 = Debug|Any CPU
		{EC35437A-2A82-4977-9B96-EBA0C0C1F07D}.Release|Any CPU.ActiveCfg = Release|Any CPU
		{EC35437A-2A82-4977-9B96-EBA0C0C1F07D}.Release|Any CPU.Build.0 = Release|Any CPU
		{EC35437A-2A82-4977-9B96-EBA0C0C1F07D}.Release|Any CPU.Deploy.0 = Release|Any CPU
	EndGlobalSection
	GlobalSection(SolutionProperties) = preSolution
		HideSolutionNode = FALSE
	EndGlobalSection
	GlobalSection(NestedProjects) = preSolution
		{C325F4D4-521C-4D21-B9FA-8699781FC185} = {02EA681E-C7D8-13C7-8484-4AC65E1B71E8}
		{EC35437A-2A82-4977-9B96-EBA0C0C1F07D} = {8BF778C7-E524-41C3-890E-7528A97D4B85}
	EndGlobalSection
	GlobalSection(ExtensibilityGlobals) = postSolution
		SolutionGuid = {08E5A5C4-44FA-4C87-852F-C254CBA580FB}
	EndGlobalSection
EndGlobal
