
Microsoft Visual Studio Solution File, Format Version 12.00
# Visual Studio Version 17
VisualStudioVersion = 17.13.35825.156
MinimumVisualStudioVersion = 10.0.40219.1
Project("{FAE04EC0-301F-11D3-BF4B-00C04F79EFBC}") = "ApiGateway", "ApiGateway\ApiGateway.csproj", "{CEF1BE05-70FD-43FB-937B-696E55DD9888}"
EndProject
Project("{FAE04EC0-301F-11D3-BF4B-00C04F79EFBC}") = "ApiUser", "ApiUser\ApiUser.csproj", "{24ACA1E8-A39B-4132-BDD3-6D550B3B3010}"
EndProject
Project("{E53339B2-1760-4266-BCC7-CA923CBCF16C}") = "docker-compose", "docker-compose.dcproj", "{81DDED9D-158B-E303-5F62-77A2896D2A5A}"
EndProject
Project("{FAE04EC0-301F-11D3-BF4B-00C04F79EFBC}") = "ApiAdmin", "ApiAdmin\ApiAdmin.csproj", "{AC07CA6B-38C7-4886-877B-AE2CCFF2F0A2}"
EndProject
Project("{FAE04EC0-301F-11D3-BF4B-00C04F79EFBC}") = "ApiTodo", "ApiTodo\ApiTodo.csproj", "{1B0C6EF5-6F41-42A7-8A48-31C8E7EB3F68}"
EndProject
Project("{2150E333-8FDC-42A3-9474-1A3956D46DE8}") = "Shared", "Shared", "{02EA681E-C7D8-13C7-8484-4AC65E1B71E8}"
EndProject
Project("{FAE04EC0-301F-11D3-BF4B-00C04F79EFBC}") = "Todo.Infrastructure.Core", "Shared\Todo.Infrastructure.Core\Todo.Infrastructure.Core.csproj", "{6136CE79-4364-4EB2-A0C8-03CE3EDC60DD}"
EndProject
Project("{FAE04EC0-301F-11D3-BF4B-00C04F79EFBC}") = "Todo.Domain.Abstractions", "Shared\Todo.Domain.Abstractions\Todo.Domain.Abstractions.csproj", "{BDD20354-9D8F-423F-88D2-B41911FFD9CE}"
EndProject
Project("{FAE04EC0-301F-11D3-BF4B-00C04F79EFBC}") = "ApiUser.Application", "ApiUser.Application\ApiUser.Application.csproj", "{E88E77AB-CC4E-413D-BC35-85BE5C37C9D2}"
EndProject
Project("{FAE04EC0-301F-11D3-BF4B-00C04F79EFBC}") = "ApiUser.Domain", "ApiUser.Domain\ApiUser.Domain.csproj", "{27838F96-A552-410F-8460-B2A53446DF1A}"
EndProject
Project("{FAE04EC0-301F-11D3-BF4B-00C04F79EFBC}") = "ApiUser.Infrastructure", "ApiUser.Infrastructure\ApiUser.Infrastructure.csproj", "{5908DD3F-A382-436A-9FC7-B486E2178331}"
EndProject
Project("{FAE04EC0-301F-11D3-BF4B-00C04F79EFBC}") = "Todo.Core", "Shared\Todo.Core\Todo.Core.csproj", "{65CF3319-CD0A-471A-A058-9A827D60C106}"
EndProject
Global
	GlobalSection(SolutionConfigurationPlatforms) = preSolution
		Debug|Any CPU = Debug|Any CPU
		Release|Any CPU = Release|Any CPU
	EndGlobalSection
	GlobalSection(ProjectConfigurationPlatforms) = postSolution
		{CEF1BE05-70FD-43FB-937B-696E55DD9888}.Debug|Any CPU.ActiveCfg = Debug|Any CPU
		{CEF1BE05-70FD-43FB-937B-696E55DD9888}.Debug|Any CPU.Build.0 = Debug|Any CPU
		{CEF1BE05-70FD-43FB-937B-696E55DD9888}.Release|Any CPU.ActiveCfg = Release|Any CPU
		{CEF1BE05-70FD-43FB-937B-696E55DD9888}.Release|Any CPU.Build.0 = Release|Any CPU
		{24ACA1E8-A39B-4132-BDD3-6D550B3B3010}.Debug|Any CPU.ActiveCfg = Debug|Any CPU
		{24ACA1E8-A39B-4132-BDD3-6D550B3B3010}.Debug|Any CPU.Build.0 = Debug|Any CPU
		{24ACA1E8-A39B-4132-BDD3-6D550B3B3010}.Release|Any CPU.ActiveCfg = Release|Any CPU
		{24ACA1E8-A39B-4132-BDD3-6D550B3B3010}.Release|Any CPU.Build.0 = Release|Any CPU
		{81DDED9D-158B-E303-5F62-77A2896D2A5A}.Debug|Any CPU.ActiveCfg = Debug|Any CPU
		{81DDED9D-158B-E303-5F62-77A2896D2A5A}.Debug|Any CPU.Build.0 = Debug|Any CPU
		{81DDED9D-158B-E303-5F62-77A2896D2A5A}.Release|Any CPU.ActiveCfg = Release|Any CPU
		{81DDED9D-158B-E303-5F62-77A2896D2A5A}.Release|Any CPU.Build.0 = Release|Any CPU
		{AC07CA6B-38C7-4886-877B-AE2CCFF2F0A2}.Debug|Any CPU.ActiveCfg = Debug|Any CPU
		{AC07CA6B-38C7-4886-877B-AE2CCFF2F0A2}.Debug|Any CPU.Build.0 = Debug|Any CPU
		{AC07CA6B-38C7-4886-877B-AE2CCFF2F0A2}.Release|Any CPU.ActiveCfg = Release|Any CPU
		{AC07CA6B-38C7-4886-877B-AE2CCFF2F0A2}.Release|Any CPU.Build.0 = Release|Any CPU
		{1B0C6EF5-6F41-42A7-8A48-31C8E7EB3F68}.Debug|Any CPU.ActiveCfg = Debug|Any CPU
		{1B0C6EF5-6F41-42A7-8A48-31C8E7EB3F68}.Debug|Any CPU.Build.0 = Debug|Any CPU
		{1B0C6EF5-6F41-42A7-8A48-31C8E7EB3F68}.Release|Any CPU.ActiveCfg = Release|Any CPU
		{1B0C6EF5-6F41-42A7-8A48-31C8E7EB3F68}.Release|Any CPU.Build.0 = Release|Any CPU
		{6136CE79-4364-4EB2-A0C8-03CE3EDC60DD}.Debug|Any CPU.ActiveCfg = Debug|Any CPU
		{6136CE79-4364-4EB2-A0C8-03CE3EDC60DD}.Debug|Any CPU.Build.0 = Debug|Any CPU
		{6136CE79-4364-4EB2-A0C8-03CE3EDC60DD}.Release|Any CPU.ActiveCfg = Release|Any CPU
		{6136CE79-4364-4EB2-A0C8-03CE3EDC60DD}.Release|Any CPU.Build.0 = Release|Any CPU
		{BDD20354-9D8F-423F-88D2-B41911FFD9CE}.Debug|Any CPU.ActiveCfg = Debug|Any CPU
		{BDD20354-9D8F-423F-88D2-B41911FFD9CE}.Debug|Any CPU.Build.0 = Debug|Any CPU
		{BDD20354-9D8F-423F-88D2-B41911FFD9CE}.Release|Any CPU.ActiveCfg = Release|Any CPU
		{BDD20354-9D8F-423F-88D2-B41911FFD9CE}.Release|Any CPU.Build.0 = Release|Any CPU
		{E88E77AB-CC4E-413D-BC35-85BE5C37C9D2}.Debug|Any CPU.ActiveCfg = Debug|Any CPU
		{E88E77AB-CC4E-413D-BC35-85BE5C37C9D2}.Debug|Any CPU.Build.0 = Debug|Any CPU
		{E88E77AB-CC4E-413D-BC35-85BE5C37C9D2}.Release|Any CPU.ActiveCfg = Release|Any CPU
		{E88E77AB-CC4E-413D-BC35-85BE5C37C9D2}.Release|Any CPU.Build.0 = Release|Any CPU
		{27838F96-A552-410F-8460-B2A53446DF1A}.Debug|Any CPU.ActiveCfg = Debug|Any CPU
		{27838F96-A552-410F-8460-B2A53446DF1A}.Debug|Any CPU.Build.0 = Debug|Any CPU
		{27838F96-A552-410F-8460-B2A53446DF1A}.Release|Any CPU.ActiveCfg = Release|Any CPU
		{27838F96-A552-410F-8460-B2A53446DF1A}.Release|Any CPU.Build.0 = Release|Any CPU
		{5908DD3F-A382-436A-9FC7-B486E2178331}.Debug|Any CPU.ActiveCfg = Debug|Any CPU
		{5908DD3F-A382-436A-9FC7-B486E2178331}.Debug|Any CPU.Build.0 = Debug|Any CPU
		{5908DD3F-A382-436A-9FC7-B486E2178331}.Release|Any CPU.ActiveCfg = Release|Any CPU
		{5908DD3F-A382-436A-9FC7-B486E2178331}.Release|Any CPU.Build.0 = Release|Any CPU
		{65CF3319-CD0A-471A-A058-9A827D60C106}.Debug|Any CPU.ActiveCfg = Debug|Any CPU
		{65CF3319-CD0A-471A-A058-9A827D60C106}.Debug|Any CPU.Build.0 = Debug|Any CPU
		{65CF3319-CD0A-471A-A058-9A827D60C106}.Release|Any CPU.ActiveCfg = Release|Any CPU
		{65CF3319-CD0A-471A-A058-9A827D60C106}.Release|Any CPU.Build.0 = Release|Any CPU
	EndGlobalSection
	GlobalSection(SolutionProperties) = preSolution
		HideSolutionNode = FALSE
	EndGlobalSection
	GlobalSection(NestedProjects) = preSolution
		{6136CE79-4364-4EB2-A0C8-03CE3EDC60DD} = {02EA681E-C7D8-13C7-8484-4AC65E1B71E8}
		{BDD20354-9D8F-423F-88D2-B41911FFD9CE} = {02EA681E-C7D8-13C7-8484-4AC65E1B71E8}
		{65CF3319-CD0A-471A-A058-9A827D60C106} = {02EA681E-C7D8-13C7-8484-4AC65E1B71E8}
	EndGlobalSection
	GlobalSection(ExtensibilityGlobals) = postSolution
		SolutionGuid = {67163169-16C4-46D1-9D87-2D66D864A562}
	EndGlobalSection
EndGlobal
